github.com/julienschmidt/httprouter v1.3.0 h1:U0609e9tgbseu3rBINet9P48AI/D3oJs4dN7jwJOQ1U=
github.com/julienschmidt/httprouter v1.3.0/go.mod h1:JR6WtHb+2LUe8TCKY3cZOxFyyO8IZAc4RVcycCCAKdM=
github.com/syumai/workers v0.30.2 h1:ZefPdAoXBsw87Bxy1LTAR6Pm9Gbxw/iM7DNraPSput0=
github.com/syumai/workers v0.30.2/go.mod h1:ZnqmdiHNBrbxOLrZ/HJ5jzHy6af9cmiNZk10R9NrIEA=
